
Microsoft Visual Studio Solution File, Format Version 12.00
# Visual Studio Version 16
VisualStudioVersion = 16.0.32413.511
MinimumVisualStudioVersion = 10.0.40219.1
Project("{FAE04EC0-301F-11D3-BF4B-00C04F79EFBC}") = "InfiniteTorches", "InfiniteTorches.csproj", "{E70DB353-623E-4C15-B9E8-5716F117B22A}"
EndProject
Global
	GlobalSection(SolutionConfigurationPlatforms) = preSolution
		Debug|Any CPU = Debug|Any CPU
		Release|Any CPU = Release|Any CPU
	EndGlobalSection
	GlobalSection(ProjectConfigurationPlatforms) = postSolution
		{E70DB353-623E-4C15-B9E8-5716F117B22A}.Debug|Any CPU.ActiveCfg = Debug|Any CPU
		{E70DB353-623E-4C15-B9E8-5716F117B22A}.Debug|Any CPU.Build.0 = Debug|Any CPU
		{E70DB353-623E-4C15-B9E8-5716F117B22A}.Release|Any CPU.ActiveCfg = Release|Any CPU
		{E70DB353-623E-4C15-B9E8-5716F117B22A}.Release|Any CPU.Build.0 = Release|Any CPU
	EndGlobalSection
	GlobalSection(SolutionProperties) = preSolution
		HideSolutionNode = FALSE
	EndGlobalSection
	GlobalSection(ExtensibilityGlobals) = postSolution
		SolutionGuid = {52D027F2-50AF-4560-94D5-3C121E6A83F9}
	EndGlobalSection
EndGlobal
